
Microsoft Visual Studio Solution File, Format Version 12.00
# Visual Studio 2013
VisualStudioVersion = 12.0.21005.1
MinimumVisualStudioVersion = 10.0.40219.1
Project("{FAE04EC0-301F-11D3-BF4B-00C04F79EFBC}") = "01. PlaySomeMusic", "01. PlaySomeMusic\01. PlaySomeMusic.csproj", "{1B5709A1-3A80-403F-8B05-BEE9C22AD0E4}"
EndProject
Project("{FAE04EC0-301F-11D3-BF4B-00C04F79EFBC}") = "02.HelloCSharp", "02.HelloCSharp\02.HelloCSharp.csproj", "{103B0CE7-4CA3-406B-8056-AE67DE39B30E}"
EndProject
Project("{FAE04EC0-301F-11D3-BF4B-00C04F79EFBC}") = "03.Plus", "03\03.Plus.csproj", "{C7893B6A-8780-49B0-B642-8B94D14BC6E5}"
EndProject
Project("{FAE04EC0-301F-11D3-BF4B-00C04F79EFBC}") = "04.WinFormPlus", "WinFirst\04.WinFormPlus.csproj", "{AC5AB630-9CE2-47AD-A3E1-7AB1AC07BD56}"
EndProject
Project("{FAE04EC0-301F-11D3-BF4B-00C04F79EFBC}") = "05.Expression", "05.Expression\05.Expression.csproj", "{3027A67F-B951-44D6-85D3-0B372F817F46}"
EndProject
Project("{FAE04EC0-301F-11D3-BF4B-00C04F79EFBC}") = "06.Num1....20", "Num1....20\06.Num1....20.csproj", "{D75C15E6-9943-4089-8E5F-D36031140EAB}"
EndProject
Project("{FAE04EC0-301F-11D3-BF4B-00C04F79EFBC}") = "07.55_Stars", "07.55_Stars\07.55_Stars.csproj", "{DE56445A-6A75-4AE8-92F6-589CD8C86575}"
EndProject
Project("{FAE04EC0-301F-11D3-BF4B-00C04F79EFBC}") = "08.RectangleArea1", "08.RectangleArea1\08.RectangleArea1.csproj", "{47D5EDF2-0AC3-49E4-8EFD-F01BABEC2457}"
EndProject
Project("{FAE04EC0-301F-11D3-BF4B-00C04F79EFBC}") = "09.SquareOfStars", "09.SquareOfStars\09.SquareOfStars.csproj", "{9BE5D6DD-A934-486F-B132-15D97436CD84}"
EndProject
Project("{FAE04EC0-301F-11D3-BF4B-00C04F79EFBC}") = "10.MarketingCompanyEmployees", "10.MarketingCompanyEmployees\10.MarketingCompanyEmployees.csproj", "{BDA6116C-0197-4B12-BE25-13CF50247EFB}"
EndProject
Project("{FAE04EC0-301F-11D3-BF4B-00C04F79EFBC}") = "11.RectangleArea", "11.RectangleArea\11.RectangleArea.csproj", "{559D0E4A-CEAE-48FB-84FD-E5563EB89414}"
EndProject
Project("{FAE04EC0-301F-11D3-BF4B-00C04F79EFBC}") = "12.InchesToSentimetres", "12.InchesToSentimetres\12.InchesToSentimetres.csproj", "{20FE9E78-62C0-424D-A058-A57F3AE554F8}"
EndProject
Project("{FAE04EC0-301F-11D3-BF4B-00C04F79EFBC}") = "13.GreetingByName", "13.GreetingByName\13.GreetingByName.csproj", "{0A86315E-DA00-4BD4-8DC6-269B9494EF3E}"
EndProject
Project("{FAE04EC0-301F-11D3-BF4B-00C04F79EFBC}") = "14.ConcatenateData", "14.ConcatenateData\14.ConcatenateData.csproj", "{48A6E430-FDEC-47EC-BCCF-39E16D693366}"
EndProject
Project("{FAE04EC0-301F-11D3-BF4B-00C04F79EFBC}") = "15.TrapeziodArea", "15.TrapeziodArea\15.TrapeziodArea.csproj", "{62D9246E-8EC7-4C9B-9690-6C6E9E7B6E34}"
EndProject
Project("{FAE04EC0-301F-11D3-BF4B-00C04F79EFBC}") = "16.CircleAreaPerimeter", "16.CircleAreaPerimeter\16.CircleAreaPerimeter.csproj", "{05A5E757-B689-4C1D-8D1A-5174AEB84DD9}"
EndProject
Project("{FAE04EC0-301F-11D3-BF4B-00C04F79EFBC}") = "17.2DRectangleArea", "17.2DRectangleArea\17.2DRectangleArea.csproj", "{000D227C-E4EB-46A2-AE0B-88638BB159AD}"
EndProject
Project("{FAE04EC0-301F-11D3-BF4B-00C04F79EFBC}") = "18.TriangleArea", "18.TriangleArea\18.TriangleArea.csproj", "{F2E92EF3-76AF-4602-B75F-11E91903C463}"
EndProject
Project("{FAE04EC0-301F-11D3-BF4B-00C04F79EFBC}") = "19.CelsiusToFahrenheit", "19.CelsiusToFahrenheit\19.CelsiusToFahrenheit.csproj", "{9E54CD9C-005A-415E-899C-C4348EE2C84D}"
EndProject
Project("{FAE04EC0-301F-11D3-BF4B-00C04F79EFBC}") = "20.RadiansToDegrees", "20.RadiansToDegrees\20.RadiansToDegrees.csproj", "{AB84E158-4F22-4672-98A6-6F4F17204E83}"
EndProject
Project("{FAE04EC0-301F-11D3-BF4B-00C04F79EFBC}") = "21.USDtoBGN", "21.USDtoBGN\21.USDtoBGN.csproj", "{0A86CA78-3379-40BD-90AC-113B396C47B7}"
EndProject
Project("{FAE04EC0-301F-11D3-BF4B-00C04F79EFBC}") = "22.BGN-to-EUR-Converter", "22.BGN-to-EUR-Converter\22.BGN-to-EUR-Converter.csproj", "{FFF998A9-3F02-41B5-A5F9-71205F10CA76}"
EndProject
Project("{FAE04EC0-301F-11D3-BF4B-00C04F79EFBC}") = "23.CurrencyConverter", "23.CurrencyConverter\23.CurrencyConverter.csproj", "{9DA55424-5F73-460E-A5F9-0135CFB26A71}"
EndProject
Project("{FAE04EC0-301F-11D3-BF4B-00C04F79EFBC}") = "24.ThousandDaysAfterBirth", "24.ThousandDaysAfterBirth\24.ThousandDaysAfterBirth.csproj", "{7C2EF2B7-779C-4F21-9C68-A50CFAFEAEC3}"
EndProject
Project("{FAE04EC0-301F-11D3-BF4B-00C04F79EFBC}") = "25.Vegetables", "25.Vegetables\25.Vegetables.csproj", "{2DD6EA54-DE27-4289-BF7B-E3D425325C5D}"
EndProject
Project("{FAE04EC0-301F-11D3-BF4B-00C04F79EFBC}") = "26.TrainingLab", "26.TrainingLab\26.TrainingLab.csproj", "{7E12C587-6468-4695-B8AB-A41A2DAA1FF9}"
EndProject
Project("{FAE04EC0-301F-11D3-BF4B-00C04F79EFBC}") = "27.ExcellentResult", "27.ExcellentResult\27.ExcellentResult.csproj", "{60919C1C-C09A-4E89-AC87-E802F1675108}"
EndProject
Project("{FAE04EC0-301F-11D3-BF4B-00C04F79EFBC}") = "28.ExcellentOrNot", "28.ExcellentOrNot\28.ExcellentOrNot.csproj", "{D9F8EAED-F7FF-4B4C-AE44-82372D9C6D75}"
EndProject
Project("{FAE04EC0-301F-11D3-BF4B-00C04F79EFBC}") = "29.EvenOrOdd", "29.EvenOrOdd\29.EvenOrOdd.csproj", "{7DE3E327-ECE7-400E-A5EC-019E112D2836}"
EndProject
Project("{FAE04EC0-301F-11D3-BF4B-00C04F79EFBC}") = "30.GreaterNumber", "30.GreaterNumber\30.GreaterNumber.csproj", "{337EBA32-B509-4215-84A3-94F3D83F99AC}"
EndProject
Project("{FAE04EC0-301F-11D3-BF4B-00C04F79EFBC}") = "31.NumbersToText", "31.NumbersToText\31.NumbersToText.csproj", "{20277CA7-9E86-4055-9630-9E4004EDAD6B}"
EndProject
Project("{FAE04EC0-301F-11D3-BF4B-00C04F79EFBC}") = "32.BonusScore", "32.BonusScore\32.BonusScore.csproj", "{D270B9DC-C01E-40ED-BD2E-7CBE14BBBC39}"
EndProject
Project("{FAE04EC0-301F-11D3-BF4B-00C04F79EFBC}") = "33.SumSeconds", "33.SumSeconds\33.SumSeconds.csproj", "{10881438-3934-40C3-AB02-0DA9197F4F45}"
EndProject
Project("{FAE04EC0-301F-11D3-BF4B-00C04F79EFBC}") = "34.MetricConverter", "34.MetricConverter\34.MetricConverter.csproj", "{0B3C84A7-E5A9-4D91-B7F5-9AB618560F30}"
EndProject
Project("{FAE04EC0-301F-11D3-BF4B-00C04F79EFBC}") = "35.PasswordGuess", "35.PasswordGuess\35.PasswordGuess.csproj", "{DBCFA624-6523-4E50-BF9B-624F8A948D97}"
EndProject
Project("{FAE04EC0-301F-11D3-BF4B-00C04F79EFBC}") = "36.Number100200", "36.Number100200\36.Number100200.csproj", "{905C9EEF-58CA-4E84-B83E-CFBAB3A64700}"
EndProject
Project("{FAE04EC0-301F-11D3-BF4B-00C04F79EFBC}") = "37.EqualWords", "37.EqualWords\37.EqualWords.csproj", "{D84C32F1-7BED-4D07-B78C-4B4B0ED38994}"
EndProject
Project("{FAE04EC0-301F-11D3-BF4B-00C04F79EFBC}") = "38.SpeedInfo", "38.SpeedInfo\38.SpeedInfo.csproj", "{B478F1EC-9475-400D-BD26-7A964F3E00EC}"
EndProject
Project("{FAE04EC0-301F-11D3-BF4B-00C04F79EFBC}") = "39.AreaOfFigures", "39.AreaOfFigures\39.AreaOfFigures.csproj", "{D0D7F3A4-6417-4EE6-9BF6-3E28DCD1C9B9}"
EndProject
Project("{FAE04EC0-301F-11D3-BF4B-00C04F79EFBC}") = "40.TimePlus15Minutes", "40.TimePlus15Minutes\40.TimePlus15Minutes.csproj", "{FB05E1E3-58CE-472A-A6AF-0B6D8082074A}"
EndProject
Project("{FAE04EC0-301F-11D3-BF4B-00C04F79EFBC}") = "41.ThreeEqualNumbers", "41.ThreeEqualNumbers\41.ThreeEqualNumbers.csproj", "{86539C90-4C0E-477D-82C9-02E12F79015A}"
EndProject
Project("{FAE04EC0-301F-11D3-BF4B-00C04F79EFBC}") = "42.NumberZeroTo100ToText", "42.NumberZeroTo100ToText\42.NumberZeroTo100ToText.csproj", "{5155693B-423E-4252-85E8-C694DC480653}"
EndProject
Project("{FAE04EC0-301F-11D3-BF4B-00C04F79EFBC}") = "43.TransportPrice", "43.TransportPrice\43.TransportPrice.csproj", "{DC93ADF4-48D5-4089-A64B-4AF706599C71}"
EndProject
Project("{FAE04EC0-301F-11D3-BF4B-00C04F79EFBC}") = "44.PoolPipes", "44.PoolPipes\44.PoolPipes.csproj", "{D23C880C-686E-43C8-9652-034C40E038EA}"
EndProject
Project("{FAE04EC0-301F-11D3-BF4B-00C04F79EFBC}") = "45.PersonalTitles", "45.PersonalTitles\45.PersonalTitles.csproj", "{EAC33DC3-9F85-434A-AA86-FA74586AE34C}"
EndProject
Project("{FAE04EC0-301F-11D3-BF4B-00C04F79EFBC}") = "46.SmallShop", "46.SmallShop\46.SmallShop.csproj", "{E556F7C7-9A48-4646-958A-A0CC02619A25}"
EndProject
Project("{FAE04EC0-301F-11D3-BF4B-00C04F79EFBC}") = "47.PointInRectangle", "47.PointInRectangle\47.PointInRectangle.csproj", "{BEF67830-F385-4C2D-86B1-1DB30C0AEAFC}"
EndProject
Project("{FAE04EC0-301F-11D3-BF4B-00C04F79EFBC}") = "48.FruitOrVegetable", "48.FruitOrVegetable\48.FruitOrVegetable.csproj", "{DB555E64-14E0-4621-85D4-9C0B92BF8F1B}"
EndProject
Project("{FAE04EC0-301F-11D3-BF4B-00C04F79EFBC}") = "49.InvalidNumber", "49.InvalidNumber\49.InvalidNumber.csproj", "{12629E91-A9FF-42C6-8ADA-00D0EF59CD98}"
EndProject
Project("{FAE04EC0-301F-11D3-BF4B-00C04F79EFBC}") = "50.PointOnRectangleBorder", "50.PointOnRectangleBorder\50.PointOnRectangleBorder.csproj", "{84EE7A7D-ACE1-488B-976F-1253C898C25D}"
EndProject
Project("{FAE04EC0-301F-11D3-BF4B-00C04F79EFBC}") = "51.FruitShop", "51.FruitShop\51.FruitShop.csproj", "{45517087-7DE6-4DB1-B68C-F8A098D10001}"
EndProject
Project("{FAE04EC0-301F-11D3-BF4B-00C04F79EFBC}") = "52.DayOfWeek", "52.DayOfWeek\52.DayOfWeek.csproj", "{79A503B8-A4B8-4495-99AE-7E5595BF4499}"
EndProject
Project("{FAE04EC0-301F-11D3-BF4B-00C04F79EFBC}") = "53.TradeComissions", "53.TradeComissions\53.TradeComissions.csproj", "{6358D602-8B11-41C6-924B-1E2CD1E93062}"
EndProject
Project("{FAE04EC0-301F-11D3-BF4B-00C04F79EFBC}") = "54.AnimalType", "54.AnimalType\54.AnimalType.csproj", "{686C3335-F464-41E4-9E8C-5E2524F5F8E5}"
EndProject
Project("{FAE04EC0-301F-11D3-BF4B-00C04F79EFBC}") = "55.Cinema", "55.Cinema\55.Cinema.csproj", "{084DCB60-3173-44B4-9DF8-7A2021AB5DB7}"
EndProject
Project("{FAE04EC0-301F-11D3-BF4B-00C04F79EFBC}") = "56.Volleyball", "56.Volleyball\56.Volleyball.csproj", "{3E50662C-4CFB-46F4-9DD0-51293C0B85BD}"
EndProject
Project("{FAE04EC0-301F-11D3-BF4B-00C04F79EFBC}") = "57.PointInTheFigure", "57.PointInTheFigure\57.PointInTheFigure.csproj", "{90A2E525-50E1-4960-A512-924D0B1C56B6}"
EndProject
Project("{FAE04EC0-301F-11D3-BF4B-00C04F79EFBC}") = "58.NumbersFrom1to100", "58.NumbersFrom1to100\58.NumbersFrom1to100.csproj", "{E86E5D48-C0D3-4081-9BC4-4C4B5BA3D8D9}"
EndProject
Project("{FAE04EC0-301F-11D3-BF4B-00C04F79EFBC}") = "59.NumbersEndingIn 7", "59.NumbersEndingIn 7\59.NumbersEndingIn 7.csproj", "{B340DAA8-3E5A-4A97-8001-CF03C6FD8096}"
EndProject
Project("{FAE04EC0-301F-11D3-BF4B-00C04F79EFBC}") = "60.LatinLetters", "60.LatinLetters\60.LatinLetters.csproj", "{00F6E1A0-578B-4F32-9B8D-7ADCD79B4701}"
EndProject
Project("{FAE04EC0-301F-11D3-BF4B-00C04F79EFBC}") = "61.SumNumbers", "61.SumNumbers\61.SumNumbers.csproj", "{AE3FEFC2-2CA2-4DC7-8C45-9B82D274C6EA}"
EndProject
Project("{FAE04EC0-301F-11D3-BF4B-00C04F79EFBC}") = "62.MaxNumber", "62.MaxNumber\62.MaxNumber.csproj", "{05E7FD7E-9F8C-4B05-A7D1-97C95C872445}"
EndProject
Project("{FAE04EC0-301F-11D3-BF4B-00C04F79EFBC}") = "63.MinNumber", "63.MinNumber\63.MinNumber.csproj", "{3AD8F524-7833-4375-9A31-2F0A45B66B51}"
EndProject
Project("{FAE04EC0-301F-11D3-BF4B-00C04F79EFBC}") = "64.LeftAndRightSum", "64.LeftAndRightSum\64.LeftAndRightSum.csproj", "{A089AA3E-476F-482B-B757-ADC9A12B4010}"
EndProject
Project("{FAE04EC0-301F-11D3-BF4B-00C04F79EFBC}") = "65.OddEvenSum", "65.OddEvenSum\65.OddEvenSum.csproj", "{3B00B93F-ADB2-4B52-8602-3BBA8F0033CC}"
EndProject
Project("{FAE04EC0-301F-11D3-BF4B-00C04F79EFBC}") = "65.VowelsSum", "65.VowelsSum\65.VowelsSum.csproj", "{2427C7BF-1B83-498A-B1DE-9CE114DA4474}"
EndProject
Project("{FAE04EC0-301F-11D3-BF4B-00C04F79EFBC}") = "66.HalfSumElement", "66.HalfSumElement\66.HalfSumElement.csproj", "{34165881-3458-48BB-9B80-196303C9E4A1}"
EndProject
Project("{FAE04EC0-301F-11D3-BF4B-00C04F79EFBC}") = "67.OddEvenPosition", "67.OddEvenPosition\67.OddEvenPosition.csproj", "{53DB3A03-6D72-4EF6-BE6D-A36071918ED4}"
EndProject
Project("{FAE04EC0-301F-11D3-BF4B-00C04F79EFBC}") = "68.EqualPairs", "68.EqualPairs\68.EqualPairs.csproj", "{01023530-534C-453B-ACA9-8C3A37B63E2E}"
EndProject
Project("{FAE04EC0-301F-11D3-BF4B-00C04F79EFBC}") = "69.RectangleOf10x10Stars", "69.RectangleOf10x10Stars\69.RectangleOf10x10Stars.csproj", "{AD01FCCB-636D-4C81-AB45-0E89C2C2BEBE}"
EndProject
Project("{FAE04EC0-301F-11D3-BF4B-00C04F79EFBC}") = "70.RectangleOfNxNStars", "70.RectangleOfNxNStars\70.RectangleOfNxNStars.csproj", "{E37A3079-6797-4CAE-8DDF-C2BCC29248CC}"
EndProject
Project("{FAE04EC0-301F-11D3-BF4B-00C04F79EFBC}") = "71.SquareOfStars", "71.SquareOfStars\71.SquareOfStars.csproj", "{25C3356B-B400-43EE-8A15-98D25C920B95}"
EndProject
Project("{FAE04EC0-301F-11D3-BF4B-00C04F79EFBC}") = "72.TriangleOfDollars", "72.TriangleOfDollars\72.TriangleOfDollars.csproj", "{47430638-D38F-465F-ADB0-C2C925F27531}"
EndProject
Project("{FAE04EC0-301F-11D3-BF4B-00C04F79EFBC}") = "73.SquareFrame", "73.SquareFrame\73.SquareFrame.csproj", "{E5BB7F4F-C54F-40C7-AC37-C9E161EC7D90}"
EndProject
Project("{FAE04EC0-301F-11D3-BF4B-00C04F79EFBC}") = "74.RhombusOfStars", "74.RhombusOfStars\74.RhombusOfStars.csproj", "{8BACCCB0-9B1B-4105-B8E6-C1A6C53939F5}"
EndProject
Project("{FAE04EC0-301F-11D3-BF4B-00C04F79EFBC}") = "75.ChristmasTree", "75.ChristmasTree\75.ChristmasTree.csproj", "{793CDDC9-9FD8-4886-9677-391DC71314ED}"
EndProject
Project("{FAE04EC0-301F-11D3-BF4B-00C04F79EFBC}") = "76.Sunglasses", "76.Sunglasses\76.Sunglasses.csproj", "{DDF246FF-A99C-407D-8C65-0FDA59D6B560}"
EndProject
Project("{FAE04EC0-301F-11D3-BF4B-00C04F79EFBC}") = "77.House", "77.House\77.House.csproj", "{33527E3C-AA27-4E20-98B5-E36C69F65520}"
EndProject
Project("{FAE04EC0-301F-11D3-BF4B-00C04F79EFBC}") = "78.Diamond", "78.Diamond\78.Diamond.csproj", "{12B6F4F5-C012-4411-BED7-928192A87FFB}"
EndProject
Project("{FAE04EC0-301F-11D3-BF4B-00C04F79EFBC}") = "79.DrawFort", "79.DrawFort\79.DrawFort.csproj", "{D2057357-763B-48FB-9263-7AF0C185A9EC}"
EndProject
Project("{FAE04EC0-301F-11D3-BF4B-00C04F79EFBC}") = "80.Butterfly", "80.Butterfly\80.Butterfly.csproj", "{BE9A46DE-E7C3-4D02-B998-128F92B0B8D3}"
EndProject
Project("{FAE04EC0-301F-11D3-BF4B-00C04F79EFBC}") = "81.Numbers1...NWithStep3", "81.Numbers1...NWithStep3\81.Numbers1...NWithStep3.csproj", "{ED66B080-BD63-446C-8A8D-2738E5E46A30}"
EndProject
Project("{FAE04EC0-301F-11D3-BF4B-00C04F79EFBC}") = "82.NumbersN...1", "82.NumbersN...1\82.NumbersN...1.csproj", "{F306967C-237B-48FD-BA1C-FA943D99FD9F}"
EndProject
Project("{FAE04EC0-301F-11D3-BF4B-00C04F79EFBC}") = "83.PowersOfTwo", "83.PowersOfTwo\83.PowersOfTwo.csproj", "{6D52557E-9732-4DD9-8C98-A728673198D9}"
EndProject
Project("{FAE04EC0-301F-11D3-BF4B-00C04F79EFBC}") = "84.EvenPowers Of 2", "84.EvenPowers Of 2\84.EvenPowers Of 2.csproj", "{BD2F64B0-E0B3-43EB-900F-406317C965C4}"
EndProject
Project("{FAE04EC0-301F-11D3-BF4B-00C04F79EFBC}") = "85.Sequence2k+1", "85.Sequence2k+1\85.Sequence2k+1.csproj", "{825C180F-0380-4760-94F4-B9FFBCE8CF43}"
EndProject
Project("{FAE04EC0-301F-11D3-BF4B-00C04F79EFBC}") = "86.NumberInRange", "86.NumberInRange\86.NumberInRange.csproj", "{73F30B7D-739D-4261-905C-9CC746693987}"
EndProject
Project("{FAE04EC0-301F-11D3-BF4B-00C04F79EFBC}") = "87.GreatestCommonDivisor", "87.GreatestCommonDivisor\87.GreatestCommonDivisor.csproj", "{1D59AAEC-4965-4C87-84DE-760FE19171E0}"
EndProject
Project("{FAE04EC0-301F-11D3-BF4B-00C04F79EFBC}") = "88.Factorial", "88.Factorial\88.Factorial.csproj", "{DBC0D0AD-43CB-4C95-80C0-CD8692C62EE5}"
EndProject
Project("{FAE04EC0-301F-11D3-BF4B-00C04F79EFBC}") = "89.SumDigits", "89.SumDigits\89.SumDigits.csproj", "{968385D9-BFC2-4E62-8178-7E3FFDCDBDF7}"
EndProject
Project("{FAE04EC0-301F-11D3-BF4B-00C04F79EFBC}") = "90.CheckPrime", "90.CheckPrime\90.CheckPrime.csproj", "{15A09E4D-A63A-4448-858F-44520D91A876}"
EndProject
Project("{FAE04EC0-301F-11D3-BF4B-00C04F79EFBC}") = "91.EnterEvenNumber", "91.EnterEvenNumber\91.EnterEvenNumber.csproj", "{2F394484-1DF4-4645-AB59-55359FCFE48C}"
EndProject
Project("{FAE04EC0-301F-11D3-BF4B-00C04F79EFBC}") = "92.PopravkaPlochki", "92.PopravkaPlochki\92.PopravkaPlochki.csproj", "{F5624745-1A43-4D05-BB6E-F80563EDA113}"
EndProject
Project("{FAE04EC0-301F-11D3-BF4B-00C04F79EFBC}") = "93.SleepingCatTom", "93.SleepingCatTom\93.SleepingCatTom.csproj", "{8E53C190-1B77-4FA1-A0A1-DD2BF2F8C641}"
EndProject
Project("{FAE04EC0-301F-11D3-BF4B-00C04F79EFBC}") = "94.NumberOperations", "94.NumberOperations\94.NumberOperations.csproj", "{7CA1D781-F180-4DF9-A244-E002CFD8810F}"
EndProject
Project("{FAE04EC0-301F-11D3-BF4B-00C04F79EFBC}") = "95.CleverLilly", "95.CleverLilly\95.CleverLilly.csproj", "{DCF3B21B-8981-4212-A1BC-3A85E90A8B47}"
EndProject
Project("{FAE04EC0-301F-11D3-BF4B-00C04F79EFBC}") = "96.STOP", "96.STOP\96.STOP.csproj", "{F0E19DD5-6584-4D68-A732-0B18E6C13ED4}"
EndProject
Project("{FAE04EC0-301F-11D3-BF4B-00C04F79EFBC}") = "97.SpecialNumbers", "97.SpecialNumbers\97.SpecialNumbers.csproj", "{6F23DD78-EAB1-4B18-A252-B4E904C74F5F}"
EndProject
Project("{FAE04EC0-301F-11D3-BF4B-00C04F79EFBC}") = "98.TriangleArea", "98.TriangleArea\98.TriangleArea.csproj", "{F7E013E4-E962-48EC-9A02-5EF4BD4198E8}"
EndProject
Project("{FAE04EC0-301F-11D3-BF4B-00C04F79EFBC}") = "99.Bricks", "99.Bricks\99.Bricks.csproj", "{3297C1FA-3AEA-4E1A-874F-C5FCBE21FA13}"
EndProject
Project("{FAE04EC0-301F-11D3-BF4B-00C04F79EFBC}") = "100.PointOnSegment", "100.PointOnSegment\100.PointOnSegment.csproj", "{716DD678-6F47-4265-87E3-950573F6FCE3}"
EndProject
Project("{FAE04EC0-301F-11D3-BF4B-00C04F79EFBC}") = "101.PointInFigure", "101.PointInFigure\101.PointInFigure.csproj", "{12CBDA6B-56BF-494C-94DE-2D13CF3E2222}"
EndProject
Project("{FAE04EC0-301F-11D3-BF4B-00C04F79EFBC}") = "102.DateAfter5Days", "102.DateAfter5Days\102.DateAfter5Days.csproj", "{D765DC7E-3E18-4D03-8EF7-21AD1F05BC98}"
EndProject
Project("{FAE04EC0-301F-11D3-BF4B-00C04F79EFBC}") = "103.Sums3Numbers", "103.Sums3Numbers\103.Sums3Numbers.csproj", "{33DB9A7D-CB34-4A9F-A7F8-8873A745FA9E}"
EndProject
Project("{FAE04EC0-301F-11D3-BF4B-00C04F79EFBC}") = "104.SumsStep3", "104.SumsStep3\104.SumsStep3.csproj", "{AA368187-BF4F-44F0-B846-758A17FA5EB9}"
EndProject
Project("{FAE04EC0-301F-11D3-BF4B-00C04F79EFBC}") = "105.IncreasingElements", "105.IncreasingElements\105.IncreasingElements.csproj", "{E3B4BFD9-E5AE-493F-8BCD-DD26F5490181}"
EndProject
Project("{FAE04EC0-301F-11D3-BF4B-00C04F79EFBC}") = "106.PerfectDiamond", "106.PerfectDiamond\106.PerfectDiamond.csproj", "{DF3957E1-2376-466B-ACD9-7C5222DCF200}"
EndProject
Project("{FAE04EC0-301F-11D3-BF4B-00C04F79EFBC}") = "107.RectangleWithStars", "107.RectangleWithStars\107.RectangleWithStars.csproj", "{B83111EB-E79E-4232-8360-3D15EB1B76AB}"
EndProject
Project("{FAE04EC0-301F-11D3-BF4B-00C04F79EFBC}") = "108.HungryGarfield", "108.HungryGarfield\108.HungryGarfield.csproj", "{F2946D9E-7898-4290-A6F5-A1DC51C7F4A9}"
EndProject
Project("{FAE04EC0-301F-11D3-BF4B-00C04F79EFBC}") = "109.EncodedAnswers", "109.EncodedAnswers\109.EncodedAnswers.csproj", "{A6243EB1-7677-4575-9411-6F924E6184D4}"
EndProject
Project("{FAE04EC0-301F-11D3-BF4B-00C04F79EFBC}") = "110.Flower", "110.Flower\110.Flower.csproj", "{CBABD479-BDAC-438C-8111-E8EA77415D67}"
EndProject
Project("{FAE04EC0-301F-11D3-BF4B-00C04F79EFBC}") = "111.DailyCalorieIntake", "111.DailyCalorieIntake\111.DailyCalorieIntake.csproj", "{42678D57-5BAB-49BE-B47A-160F060BE39E}"
EndProject
Global
	GlobalSection(SolutionConfigurationPlatforms) = preSolution
		Debug|Any CPU = Debug|Any CPU
		Release|Any CPU = Release|Any CPU
	EndGlobalSection
	GlobalSection(ProjectConfigurationPlatforms) = postSolution
		{1B5709A1-3A80-403F-8B05-BEE9C22AD0E4}.Debug|Any CPU.ActiveCfg = Debug|Any CPU
		{1B5709A1-3A80-403F-8B05-BEE9C22AD0E4}.Debug|Any CPU.Build.0 = Debug|Any CPU
		{1B5709A1-3A80-403F-8B05-BEE9C22AD0E4}.Release|Any CPU.ActiveCfg = Release|Any CPU
		{1B5709A1-3A80-403F-8B05-BEE9C22AD0E4}.Release|Any CPU.Build.0 = Release|Any CPU
		{103B0CE7-4CA3-406B-8056-AE67DE39B30E}.Debug|Any CPU.ActiveCfg = Debug|Any CPU
		{103B0CE7-4CA3-406B-8056-AE67DE39B30E}.Debug|Any CPU.Build.0 = Debug|Any CPU
		{103B0CE7-4CA3-406B-8056-AE67DE39B30E}.Release|Any CPU.ActiveCfg = Release|Any CPU
		{103B0CE7-4CA3-406B-8056-AE67DE39B30E}.Release|Any CPU.Build.0 = Release|Any CPU
		{C7893B6A-8780-49B0-B642-8B94D14BC6E5}.Debug|Any CPU.ActiveCfg = Debug|Any CPU
		{C7893B6A-8780-49B0-B642-8B94D14BC6E5}.Debug|Any CPU.Build.0 = Debug|Any CPU
		{C7893B6A-8780-49B0-B642-8B94D14BC6E5}.Release|Any CPU.ActiveCfg = Release|Any CPU
		{C7893B6A-8780-49B0-B642-8B94D14BC6E5}.Release|Any CPU.Build.0 = Release|Any CPU
		{AC5AB630-9CE2-47AD-A3E1-7AB1AC07BD56}.Debug|Any CPU.ActiveCfg = Debug|Any CPU
		{AC5AB630-9CE2-47AD-A3E1-7AB1AC07BD56}.Debug|Any CPU.Build.0 = Debug|Any CPU
		{AC5AB630-9CE2-47AD-A3E1-7AB1AC07BD56}.Release|Any CPU.ActiveCfg = Release|Any CPU
		{AC5AB630-9CE2-47AD-A3E1-7AB1AC07BD56}.Release|Any CPU.Build.0 = Release|Any CPU
		{3027A67F-B951-44D6-85D3-0B372F817F46}.Debug|Any CPU.ActiveCfg = Debug|Any CPU
		{3027A67F-B951-44D6-85D3-0B372F817F46}.Debug|Any CPU.Build.0 = Debug|Any CPU
		{3027A67F-B951-44D6-85D3-0B372F817F46}.Release|Any CPU.ActiveCfg = Release|Any CPU
		{3027A67F-B951-44D6-85D3-0B372F817F46}.Release|Any CPU.Build.0 = Release|Any CPU
		{D75C15E6-9943-4089-8E5F-D36031140EAB}.Debug|Any CPU.ActiveCfg = Debug|Any CPU
		{D75C15E6-9943-4089-8E5F-D36031140EAB}.Debug|Any CPU.Build.0 = Debug|Any CPU
		{D75C15E6-9943-4089-8E5F-D36031140EAB}.Release|Any CPU.ActiveCfg = Release|Any CPU
		{D75C15E6-9943-4089-8E5F-D36031140EAB}.Release|Any CPU.Build.0 = Release|Any CPU
		{DE56445A-6A75-4AE8-92F6-589CD8C86575}.Debug|Any CPU.ActiveCfg = Debug|Any CPU
		{DE56445A-6A75-4AE8-92F6-589CD8C86575}.Debug|Any CPU.Build.0 = Debug|Any CPU
		{DE56445A-6A75-4AE8-92F6-589CD8C86575}.Release|Any CPU.ActiveCfg = Release|Any CPU
		{DE56445A-6A75-4AE8-92F6-589CD8C86575}.Release|Any CPU.Build.0 = Release|Any CPU
		{47D5EDF2-0AC3-49E4-8EFD-F01BABEC2457}.Debug|Any CPU.ActiveCfg = Debug|Any CPU
		{47D5EDF2-0AC3-49E4-8EFD-F01BABEC2457}.Debug|Any CPU.Build.0 = Debug|Any CPU
		{47D5EDF2-0AC3-49E4-8EFD-F01BABEC2457}.Release|Any CPU.ActiveCfg = Release|Any CPU
		{47D5EDF2-0AC3-49E4-8EFD-F01BABEC2457}.Release|Any CPU.Build.0 = Release|Any CPU
		{9BE5D6DD-A934-486F-B132-15D97436CD84}.Debug|Any CPU.ActiveCfg = Debug|Any CPU
		{9BE5D6DD-A934-486F-B132-15D97436CD84}.Debug|Any CPU.Build.0 = Debug|Any CPU
		{9BE5D6DD-A934-486F-B132-15D97436CD84}.Release|Any CPU.ActiveCfg = Release|Any CPU
		{9BE5D6DD-A934-486F-B132-15D97436CD84}.Release|Any CPU.Build.0 = Release|Any CPU
		{BDA6116C-0197-4B12-BE25-13CF50247EFB}.Debug|Any CPU.ActiveCfg = Debug|Any CPU
		{BDA6116C-0197-4B12-BE25-13CF50247EFB}.Debug|Any CPU.Build.0 = Debug|Any CPU
		{BDA6116C-0197-4B12-BE25-13CF50247EFB}.Release|Any CPU.ActiveCfg = Release|Any CPU
		{BDA6116C-0197-4B12-BE25-13CF50247EFB}.Release|Any CPU.Build.0 = Release|Any CPU
		{559D0E4A-CEAE-48FB-84FD-E5563EB89414}.Debug|Any CPU.ActiveCfg = Debug|Any CPU
		{559D0E4A-CEAE-48FB-84FD-E5563EB89414}.Debug|Any CPU.Build.0 = Debug|Any CPU
		{559D0E4A-CEAE-48FB-84FD-E5563EB89414}.Release|Any CPU.ActiveCfg = Release|Any CPU
		{559D0E4A-CEAE-48FB-84FD-E5563EB89414}.Release|Any CPU.Build.0 = Release|Any CPU
		{20FE9E78-62C0-424D-A058-A57F3AE554F8}.Debug|Any CPU.ActiveCfg = Debug|Any CPU
		{20FE9E78-62C0-424D-A058-A57F3AE554F8}.Debug|Any CPU.Build.0 = Debug|Any CPU
		{20FE9E78-62C0-424D-A058-A57F3AE554F8}.Release|Any CPU.ActiveCfg = Release|Any CPU
		{20FE9E78-62C0-424D-A058-A57F3AE554F8}.Release|Any CPU.Build.0 = Release|Any CPU
		{0A86315E-DA00-4BD4-8DC6-269B9494EF3E}.Debug|Any CPU.ActiveCfg = Debug|Any CPU
		{0A86315E-DA00-4BD4-8DC6-269B9494EF3E}.Debug|Any CPU.Build.0 = Debug|Any CPU
		{0A86315E-DA00-4BD4-8DC6-269B9494EF3E}.Release|Any CPU.ActiveCfg = Release|Any CPU
		{0A86315E-DA00-4BD4-8DC6-269B9494EF3E}.Release|Any CPU.Build.0 = Release|Any CPU
		{48A6E430-FDEC-47EC-BCCF-39E16D693366}.Debug|Any CPU.ActiveCfg = Debug|Any CPU
		{48A6E430-FDEC-47EC-BCCF-39E16D693366}.Debug|Any CPU.Build.0 = Debug|Any CPU
		{48A6E430-FDEC-47EC-BCCF-39E16D693366}.Release|Any CPU.ActiveCfg = Release|Any CPU
		{48A6E430-FDEC-47EC-BCCF-39E16D693366}.Release|Any CPU.Build.0 = Release|Any CPU
		{62D9246E-8EC7-4C9B-9690-6C6E9E7B6E34}.Debug|Any CPU.ActiveCfg = Debug|Any CPU
		{62D9246E-8EC7-4C9B-9690-6C6E9E7B6E34}.Debug|Any CPU.Build.0 = Debug|Any CPU
		{62D9246E-8EC7-4C9B-9690-6C6E9E7B6E34}.Release|Any CPU.ActiveCfg = Release|Any CPU
		{62D9246E-8EC7-4C9B-9690-6C6E9E7B6E34}.Release|Any CPU.Build.0 = Release|Any CPU
		{05A5E757-B689-4C1D-8D1A-5174AEB84DD9}.Debug|Any CPU.ActiveCfg = Debug|Any CPU
		{05A5E757-B689-4C1D-8D1A-5174AEB84DD9}.Debug|Any CPU.Build.0 = Debug|Any CPU
		{05A5E757-B689-4C1D-8D1A-5174AEB84DD9}.Release|Any CPU.ActiveCfg = Release|Any CPU
		{05A5E757-B689-4C1D-8D1A-5174AEB84DD9}.Release|Any CPU.Build.0 = Release|Any CPU
		{000D227C-E4EB-46A2-AE0B-88638BB159AD}.Debug|Any CPU.ActiveCfg = Debug|Any CPU
		{000D227C-E4EB-46A2-AE0B-88638BB159AD}.Debug|Any CPU.Build.0 = Debug|Any CPU
		{000D227C-E4EB-46A2-AE0B-88638BB159AD}.Release|Any CPU.ActiveCfg = Release|Any CPU
		{000D227C-E4EB-46A2-AE0B-88638BB159AD}.Release|Any CPU.Build.0 = Release|Any CPU
		{F2E92EF3-76AF-4602-B75F-11E91903C463}.Debug|Any CPU.ActiveCfg = Debug|Any CPU
		{F2E92EF3-76AF-4602-B75F-11E91903C463}.Debug|Any CPU.Build.0 = Debug|Any CPU
		{F2E92EF3-76AF-4602-B75F-11E91903C463}.Release|Any CPU.ActiveCfg = Release|Any CPU
		{F2E92EF3-76AF-4602-B75F-11E91903C463}.Release|Any CPU.Build.0 = Release|Any CPU
		{9E54CD9C-005A-415E-899C-C4348EE2C84D}.Debug|Any CPU.ActiveCfg = Debug|Any CPU
		{9E54CD9C-005A-415E-899C-C4348EE2C84D}.Debug|Any CPU.Build.0 = Debug|Any CPU
		{9E54CD9C-005A-415E-899C-C4348EE2C84D}.Release|Any CPU.ActiveCfg = Release|Any CPU
		{9E54CD9C-005A-415E-899C-C4348EE2C84D}.Release|Any CPU.Build.0 = Release|Any CPU
		{AB84E158-4F22-4672-98A6-6F4F17204E83}.Debug|Any CPU.ActiveCfg = Debug|Any CPU
		{AB84E158-4F22-4672-98A6-6F4F17204E83}.Debug|Any CPU.Build.0 = Debug|Any CPU
		{AB84E158-4F22-4672-98A6-6F4F17204E83}.Release|Any CPU.ActiveCfg = Release|Any CPU
		{AB84E158-4F22-4672-98A6-6F4F17204E83}.Release|Any CPU.Build.0 = Release|Any CPU
		{0A86CA78-3379-40BD-90AC-113B396C47B7}.Debug|Any CPU.ActiveCfg = Debug|Any CPU
		{0A86CA78-3379-40BD-90AC-113B396C47B7}.Debug|Any CPU.Build.0 = Debug|Any CPU
		{0A86CA78-3379-40BD-90AC-113B396C47B7}.Release|Any CPU.ActiveCfg = Release|Any CPU
		{0A86CA78-3379-40BD-90AC-113B396C47B7}.Release|Any CPU.Build.0 = Release|Any CPU
		{FFF998A9-3F02-41B5-A5F9-71205F10CA76}.Debug|Any CPU.ActiveCfg = Debug|Any CPU
		{FFF998A9-3F02-41B5-A5F9-71205F10CA76}.Debug|Any CPU.Build.0 = Debug|Any CPU
		{FFF998A9-3F02-41B5-A5F9-71205F10CA76}.Release|Any CPU.ActiveCfg = Release|Any CPU
		{FFF998A9-3F02-41B5-A5F9-71205F10CA76}.Release|Any CPU.Build.0 = Release|Any CPU
		{9DA55424-5F73-460E-A5F9-0135CFB26A71}.Debug|Any CPU.ActiveCfg = Debug|Any CPU
		{9DA55424-5F73-460E-A5F9-0135CFB26A71}.Debug|Any CPU.Build.0 = Debug|Any CPU
		{9DA55424-5F73-460E-A5F9-0135CFB26A71}.Release|Any CPU.ActiveCfg = Release|Any CPU
		{9DA55424-5F73-460E-A5F9-0135CFB26A71}.Release|Any CPU.Build.0 = Release|Any CPU
		{7C2EF2B7-779C-4F21-9C68-A50CFAFEAEC3}.Debug|Any CPU.ActiveCfg = Debug|Any CPU
		{7C2EF2B7-779C-4F21-9C68-A50CFAFEAEC3}.Debug|Any CPU.Build.0 = Debug|Any CPU
		{7C2EF2B7-779C-4F21-9C68-A50CFAFEAEC3}.Release|Any CPU.ActiveCfg = Release|Any CPU
		{7C2EF2B7-779C-4F21-9C68-A50CFAFEAEC3}.Release|Any CPU.Build.0 = Release|Any CPU
		{2DD6EA54-DE27-4289-BF7B-E3D425325C5D}.Debug|Any CPU.ActiveCfg = Debug|Any CPU
		{2DD6EA54-DE27-4289-BF7B-E3D425325C5D}.Debug|Any CPU.Build.0 = Debug|Any CPU
		{2DD6EA54-DE27-4289-BF7B-E3D425325C5D}.Release|Any CPU.ActiveCfg = Release|Any CPU
		{2DD6EA54-DE27-4289-BF7B-E3D425325C5D}.Release|Any CPU.Build.0 = Release|Any CPU
		{7E12C587-6468-4695-B8AB-A41A2DAA1FF9}.Debug|Any CPU.ActiveCfg = Debug|Any CPU
		{7E12C587-6468-4695-B8AB-A41A2DAA1FF9}.Debug|Any CPU.Build.0 = Debug|Any CPU
		{7E12C587-6468-4695-B8AB-A41A2DAA1FF9}.Release|Any CPU.ActiveCfg = Release|Any CPU
		{7E12C587-6468-4695-B8AB-A41A2DAA1FF9}.Release|Any CPU.Build.0 = Release|Any CPU
		{60919C1C-C09A-4E89-AC87-E802F1675108}.Debug|Any CPU.ActiveCfg = Debug|Any CPU
		{60919C1C-C09A-4E89-AC87-E802F1675108}.Debug|Any CPU.Build.0 = Debug|Any CPU
		{60919C1C-C09A-4E89-AC87-E802F1675108}.Release|Any CPU.ActiveCfg = Release|Any CPU
		{60919C1C-C09A-4E89-AC87-E802F1675108}.Release|Any CPU.Build.0 = Release|Any CPU
		{D9F8EAED-F7FF-4B4C-AE44-82372D9C6D75}.Debug|Any CPU.ActiveCfg = Debug|Any CPU
		{D9F8EAED-F7FF-4B4C-AE44-82372D9C6D75}.Debug|Any CPU.Build.0 = Debug|Any CPU
		{D9F8EAED-F7FF-4B4C-AE44-82372D9C6D75}.Release|Any CPU.ActiveCfg = Release|Any CPU
		{D9F8EAED-F7FF-4B4C-AE44-82372D9C6D75}.Release|Any CPU.Build.0 = Release|Any CPU
		{7DE3E327-ECE7-400E-A5EC-019E112D2836}.Debug|Any CPU.ActiveCfg = Debug|Any CPU
		{7DE3E327-ECE7-400E-A5EC-019E112D2836}.Debug|Any CPU.Build.0 = Debug|Any CPU
		{7DE3E327-ECE7-400E-A5EC-019E112D2836}.Release|Any CPU.ActiveCfg = Release|Any CPU
		{7DE3E327-ECE7-400E-A5EC-019E112D2836}.Release|Any CPU.Build.0 = Release|Any CPU
		{337EBA32-B509-4215-84A3-94F3D83F99AC}.Debug|Any CPU.ActiveCfg = Debug|Any CPU
		{337EBA32-B509-4215-84A3-94F3D83F99AC}.Debug|Any CPU.Build.0 = Debug|Any CPU
		{337EBA32-B509-4215-84A3-94F3D83F99AC}.Release|Any CPU.ActiveCfg = Release|Any CPU
		{337EBA32-B509-4215-84A3-94F3D83F99AC}.Release|Any CPU.Build.0 = Release|Any CPU
		{20277CA7-9E86-4055-9630-9E4004EDAD6B}.Debug|Any CPU.ActiveCfg = Debug|Any CPU
		{20277CA7-9E86-4055-9630-9E4004EDAD6B}.Debug|Any CPU.Build.0 = Debug|Any CPU
		{20277CA7-9E86-4055-9630-9E4004EDAD6B}.Release|Any CPU.ActiveCfg = Release|Any CPU
		{20277CA7-9E86-4055-9630-9E4004EDAD6B}.Release|Any CPU.Build.0 = Release|Any CPU
		{D270B9DC-C01E-40ED-BD2E-7CBE14BBBC39}.Debug|Any CPU.ActiveCfg = Debug|Any CPU
		{D270B9DC-C01E-40ED-BD2E-7CBE14BBBC39}.Debug|Any CPU.Build.0 = Debug|Any CPU
		{D270B9DC-C01E-40ED-BD2E-7CBE14BBBC39}.Release|Any CPU.ActiveCfg = Release|Any CPU
		{D270B9DC-C01E-40ED-BD2E-7CBE14BBBC39}.Release|Any CPU.Build.0 = Release|Any CPU
		{10881438-3934-40C3-AB02-0DA9197F4F45}.Debug|Any CPU.ActiveCfg = Debug|Any CPU
		{10881438-3934-40C3-AB02-0DA9197F4F45}.Debug|Any CPU.Build.0 = Debug|Any CPU
		{10881438-3934-40C3-AB02-0DA9197F4F45}.Release|Any CPU.ActiveCfg = Release|Any CPU
		{10881438-3934-40C3-AB02-0DA9197F4F45}.Release|Any CPU.Build.0 = Release|Any CPU
		{0B3C84A7-E5A9-4D91-B7F5-9AB618560F30}.Debug|Any CPU.ActiveCfg = Debug|Any CPU
		{0B3C84A7-E5A9-4D91-B7F5-9AB618560F30}.Debug|Any CPU.Build.0 = Debug|Any CPU
		{0B3C84A7-E5A9-4D91-B7F5-9AB618560F30}.Release|Any CPU.ActiveCfg = Release|Any CPU
		{0B3C84A7-E5A9-4D91-B7F5-9AB618560F30}.Release|Any CPU.Build.0 = Release|Any CPU
		{DBCFA624-6523-4E50-BF9B-624F8A948D97}.Debug|Any CPU.ActiveCfg = Debug|Any CPU
		{DBCFA624-6523-4E50-BF9B-624F8A948D97}.Debug|Any CPU.Build.0 = Debug|Any CPU
		{DBCFA624-6523-4E50-BF9B-624F8A948D97}.Release|Any CPU.ActiveCfg = Release|Any CPU
		{DBCFA624-6523-4E50-BF9B-624F8A948D97}.Release|Any CPU.Build.0 = Release|Any CPU
		{905C9EEF-58CA-4E84-B83E-CFBAB3A64700}.Debug|Any CPU.ActiveCfg = Debug|Any CPU
		{905C9EEF-58CA-4E84-B83E-CFBAB3A64700}.Debug|Any CPU.Build.0 = Debug|Any CPU
		{905C9EEF-58CA-4E84-B83E-CFBAB3A64700}.Release|Any CPU.ActiveCfg = Release|Any CPU
		{905C9EEF-58CA-4E84-B83E-CFBAB3A64700}.Release|Any CPU.Build.0 = Release|Any CPU
		{D84C32F1-7BED-4D07-B78C-4B4B0ED38994}.Debug|Any CPU.ActiveCfg = Debug|Any CPU
		{D84C32F1-7BED-4D07-B78C-4B4B0ED38994}.Debug|Any CPU.Build.0 = Debug|Any CPU
		{D84C32F1-7BED-4D07-B78C-4B4B0ED38994}.Release|Any CPU.ActiveCfg = Release|Any CPU
		{D84C32F1-7BED-4D07-B78C-4B4B0ED38994}.Release|Any CPU.Build.0 = Release|Any CPU
		{B478F1EC-9475-400D-BD26-7A964F3E00EC}.Debug|Any CPU.ActiveCfg = Debug|Any CPU
		{B478F1EC-9475-400D-BD26-7A964F3E00EC}.Debug|Any CPU.Build.0 = Debug|Any CPU
		{B478F1EC-9475-400D-BD26-7A964F3E00EC}.Release|Any CPU.ActiveCfg = Release|Any CPU
		{B478F1EC-9475-400D-BD26-7A964F3E00EC}.Release|Any CPU.Build.0 = Release|Any CPU
		{D0D7F3A4-6417-4EE6-9BF6-3E28DCD1C9B9}.Debug|Any CPU.ActiveCfg = Debug|Any CPU
		{D0D7F3A4-6417-4EE6-9BF6-3E28DCD1C9B9}.Debug|Any CPU.Build.0 = Debug|Any CPU
		{D0D7F3A4-6417-4EE6-9BF6-3E28DCD1C9B9}.Release|Any CPU.ActiveCfg = Release|Any CPU
		{D0D7F3A4-6417-4EE6-9BF6-3E28DCD1C9B9}.Release|Any CPU.Build.0 = Release|Any CPU
		{FB05E1E3-58CE-472A-A6AF-0B6D8082074A}.Debug|Any CPU.ActiveCfg = Debug|Any CPU
		{FB05E1E3-58CE-472A-A6AF-0B6D8082074A}.Debug|Any CPU.Build.0 = Debug|Any CPU
		{FB05E1E3-58CE-472A-A6AF-0B6D8082074A}.Release|Any CPU.ActiveCfg = Release|Any CPU
		{FB05E1E3-58CE-472A-A6AF-0B6D8082074A}.Release|Any CPU.Build.0 = Release|Any CPU
		{86539C90-4C0E-477D-82C9-02E12F79015A}.Debug|Any CPU.ActiveCfg = Debug|Any CPU
		{86539C90-4C0E-477D-82C9-02E12F79015A}.Debug|Any CPU.Build.0 = Debug|Any CPU
		{86539C90-4C0E-477D-82C9-02E12F79015A}.Release|Any CPU.ActiveCfg = Release|Any CPU
		{86539C90-4C0E-477D-82C9-02E12F79015A}.Release|Any CPU.Build.0 = Release|Any CPU
		{5155693B-423E-4252-85E8-C694DC480653}.Debug|Any CPU.ActiveCfg = Debug|Any CPU
		{5155693B-423E-4252-85E8-C694DC480653}.Debug|Any CPU.Build.0 = Debug|Any CPU
		{5155693B-423E-4252-85E8-C694DC480653}.Release|Any CPU.ActiveCfg = Release|Any CPU
		{5155693B-423E-4252-85E8-C694DC480653}.Release|Any CPU.Build.0 = Release|Any CPU
		{DC93ADF4-48D5-4089-A64B-4AF706599C71}.Debug|Any CPU.ActiveCfg = Debug|Any CPU
		{DC93ADF4-48D5-4089-A64B-4AF706599C71}.Debug|Any CPU.Build.0 = Debug|Any CPU
		{DC93ADF4-48D5-4089-A64B-4AF706599C71}.Release|Any CPU.ActiveCfg = Release|Any CPU
		{DC93ADF4-48D5-4089-A64B-4AF706599C71}.Release|Any CPU.Build.0 = Release|Any CPU
		{D23C880C-686E-43C8-9652-034C40E038EA}.Debug|Any CPU.ActiveCfg = Debug|Any CPU
		{D23C880C-686E-43C8-9652-034C40E038EA}.Debug|Any CPU.Build.0 = Debug|Any CPU
		{D23C880C-686E-43C8-9652-034C40E038EA}.Release|Any CPU.ActiveCfg = Release|Any CPU
		{D23C880C-686E-43C8-9652-034C40E038EA}.Release|Any CPU.Build.0 = Release|Any CPU
		{EAC33DC3-9F85-434A-AA86-FA74586AE34C}.Debug|Any CPU.ActiveCfg = Debug|Any CPU
		{EAC33DC3-9F85-434A-AA86-FA74586AE34C}.Debug|Any CPU.Build.0 = Debug|Any CPU
		{EAC33DC3-9F85-434A-AA86-FA74586AE34C}.Release|Any CPU.ActiveCfg = Release|Any CPU
		{EAC33DC3-9F85-434A-AA86-FA74586AE34C}.Release|Any CPU.Build.0 = Release|Any CPU
		{E556F7C7-9A48-4646-958A-A0CC02619A25}.Debug|Any CPU.ActiveCfg = Debug|Any CPU
		{E556F7C7-9A48-4646-958A-A0CC02619A25}.Debug|Any CPU.Build.0 = Debug|Any CPU
		{E556F7C7-9A48-4646-958A-A0CC02619A25}.Release|Any CPU.ActiveCfg = Release|Any CPU
		{E556F7C7-9A48-4646-958A-A0CC02619A25}.Release|Any CPU.Build.0 = Release|Any CPU
		{BEF67830-F385-4C2D-86B1-1DB30C0AEAFC}.Debug|Any CPU.ActiveCfg = Debug|Any CPU
		{BEF67830-F385-4C2D-86B1-1DB30C0AEAFC}.Debug|Any CPU.Build.0 = Debug|Any CPU
		{BEF67830-F385-4C2D-86B1-1DB30C0AEAFC}.Release|Any CPU.ActiveCfg = Release|Any CPU
		{BEF67830-F385-4C2D-86B1-1DB30C0AEAFC}.Release|Any CPU.Build.0 = Release|Any CPU
		{DB555E64-14E0-4621-85D4-9C0B92BF8F1B}.Debug|Any CPU.ActiveCfg = Debug|Any CPU
		{DB555E64-14E0-4621-85D4-9C0B92BF8F1B}.Debug|Any CPU.Build.0 = Debug|Any CPU
		{DB555E64-14E0-4621-85D4-9C0B92BF8F1B}.Release|Any CPU.ActiveCfg = Release|Any CPU
		{DB555E64-14E0-4621-85D4-9C0B92BF8F1B}.Release|Any CPU.Build.0 = Release|Any CPU
		{12629E91-A9FF-42C6-8ADA-00D0EF59CD98}.Debug|Any CPU.ActiveCfg = Debug|Any CPU
		{12629E91-A9FF-42C6-8ADA-00D0EF59CD98}.Debug|Any CPU.Build.0 = Debug|Any CPU
		{12629E91-A9FF-42C6-8ADA-00D0EF59CD98}.Release|Any CPU.ActiveCfg = Release|Any CPU
		{12629E91-A9FF-42C6-8ADA-00D0EF59CD98}.Release|Any CPU.Build.0 = Release|Any CPU
		{84EE7A7D-ACE1-488B-976F-1253C898C25D}.Debug|Any CPU.ActiveCfg = Debug|Any CPU
		{84EE7A7D-ACE1-488B-976F-1253C898C25D}.Debug|Any CPU.Build.0 = Debug|Any CPU
		{84EE7A7D-ACE1-488B-976F-1253C898C25D}.Release|Any CPU.ActiveCfg = Release|Any CPU
		{84EE7A7D-ACE1-488B-976F-1253C898C25D}.Release|Any CPU.Build.0 = Release|Any CPU
		{45517087-7DE6-4DB1-B68C-F8A098D10001}.Debug|Any CPU.ActiveCfg = Debug|Any CPU
		{45517087-7DE6-4DB1-B68C-F8A098D10001}.Debug|Any CPU.Build.0 = Debug|Any CPU
		{45517087-7DE6-4DB1-B68C-F8A098D10001}.Release|Any CPU.ActiveCfg = Release|Any CPU
		{45517087-7DE6-4DB1-B68C-F8A098D10001}.Release|Any CPU.Build.0 = Release|Any CPU
		{79A503B8-A4B8-4495-99AE-7E5595BF4499}.Debug|Any CPU.ActiveCfg = Debug|Any CPU
		{79A503B8-A4B8-4495-99AE-7E5595BF4499}.Debug|Any CPU.Build.0 = Debug|Any CPU
		{79A503B8-A4B8-4495-99AE-7E5595BF4499}.Release|Any CPU.ActiveCfg = Release|Any CPU
		{79A503B8-A4B8-4495-99AE-7E5595BF4499}.Release|Any CPU.Build.0 = Release|Any CPU
		{6358D602-8B11-41C6-924B-1E2CD1E93062}.Debug|Any CPU.ActiveCfg = Debug|Any CPU
		{6358D602-8B11-41C6-924B-1E2CD1E93062}.Debug|Any CPU.Build.0 = Debug|Any CPU
		{6358D602-8B11-41C6-924B-1E2CD1E93062}.Release|Any CPU.ActiveCfg = Release|Any CPU
		{6358D602-8B11-41C6-924B-1E2CD1E93062}.Release|Any CPU.Build.0 = Release|Any CPU
		{686C3335-F464-41E4-9E8C-5E2524F5F8E5}.Debug|Any CPU.ActiveCfg = Debug|Any CPU
		{686C3335-F464-41E4-9E8C-5E2524F5F8E5}.Debug|Any CPU.Build.0 = Debug|Any CPU
		{686C3335-F464-41E4-9E8C-5E2524F5F8E5}.Release|Any CPU.ActiveCfg = Release|Any CPU
		{686C3335-F464-41E4-9E8C-5E2524F5F8E5}.Release|Any CPU.Build.0 = Release|Any CPU
		{084DCB60-3173-44B4-9DF8-7A2021AB5DB7}.Debug|Any CPU.ActiveCfg = Debug|Any CPU
		{084DCB60-3173-44B4-9DF8-7A2021AB5DB7}.Debug|Any CPU.Build.0 = Debug|Any CPU
		{084DCB60-3173-44B4-9DF8-7A2021AB5DB7}.Release|Any CPU.ActiveCfg = Release|Any CPU
		{084DCB60-3173-44B4-9DF8-7A2021AB5DB7}.Release|Any CPU.Build.0 = Release|Any CPU
		{3E50662C-4CFB-46F4-9DD0-51293C0B85BD}.Debug|Any CPU.ActiveCfg = Debug|Any CPU
		{3E50662C-4CFB-46F4-9DD0-51293C0B85BD}.Debug|Any CPU.Build.0 = Debug|Any CPU
		{3E50662C-4CFB-46F4-9DD0-51293C0B85BD}.Release|Any CPU.ActiveCfg = Release|Any CPU
		{3E50662C-4CFB-46F4-9DD0-51293C0B85BD}.Release|Any CPU.Build.0 = Release|Any CPU
		{90A2E525-50E1-4960-A512-924D0B1C56B6}.Debug|Any CPU.ActiveCfg = Debug|Any CPU
		{90A2E525-50E1-4960-A512-924D0B1C56B6}.Debug|Any CPU.Build.0 = Debug|Any CPU
		{90A2E525-50E1-4960-A512-924D0B1C56B6}.Release|Any CPU.ActiveCfg = Release|Any CPU
		{90A2E525-50E1-4960-A512-924D0B1C56B6}.Release|Any CPU.Build.0 = Release|Any CPU
		{E86E5D48-C0D3-4081-9BC4-4C4B5BA3D8D9}.Debug|Any CPU.ActiveCfg = Debug|Any CPU
		{E86E5D48-C0D3-4081-9BC4-4C4B5BA3D8D9}.Debug|Any CPU.Build.0 = Debug|Any CPU
		{E86E5D48-C0D3-4081-9BC4-4C4B5BA3D8D9}.Release|Any CPU.ActiveCfg = Release|Any CPU
		{E86E5D48-C0D3-4081-9BC4-4C4B5BA3D8D9}.Release|Any CPU.Build.0 = Release|Any CPU
		{B340DAA8-3E5A-4A97-8001-CF03C6FD8096}.Debug|Any CPU.ActiveCfg = Debug|Any CPU
		{B340DAA8-3E5A-4A97-8001-CF03C6FD8096}.Debug|Any CPU.Build.0 = Debug|Any CPU
		{B340DAA8-3E5A-4A97-8001-CF03C6FD8096}.Release|Any CPU.ActiveCfg = Release|Any CPU
		{B340DAA8-3E5A-4A97-8001-CF03C6FD8096}.Release|Any CPU.Build.0 = Release|Any CPU
		{00F6E1A0-578B-4F32-9B8D-7ADCD79B4701}.Debug|Any CPU.ActiveCfg = Debug|Any CPU
		{00F6E1A0-578B-4F32-9B8D-7ADCD79B4701}.Debug|Any CPU.Build.0 = Debug|Any CPU
		{00F6E1A0-578B-4F32-9B8D-7ADCD79B4701}.Release|Any CPU.ActiveCfg = Release|Any CPU
		{00F6E1A0-578B-4F32-9B8D-7ADCD79B4701}.Release|Any CPU.Build.0 = Release|Any CPU
		{AE3FEFC2-2CA2-4DC7-8C45-9B82D274C6EA}.Debug|Any CPU.ActiveCfg = Debug|Any CPU
		{AE3FEFC2-2CA2-4DC7-8C45-9B82D274C6EA}.Debug|Any CPU.Build.0 = Debug|Any CPU
		{AE3FEFC2-2CA2-4DC7-8C45-9B82D274C6EA}.Release|Any CPU.ActiveCfg = Release|Any CPU
		{AE3FEFC2-2CA2-4DC7-8C45-9B82D274C6EA}.Release|Any CPU.Build.0 = Release|Any CPU
		{05E7FD7E-9F8C-4B05-A7D1-97C95C872445}.Debug|Any CPU.ActiveCfg = Debug|Any CPU
		{05E7FD7E-9F8C-4B05-A7D1-97C95C872445}.Debug|Any CPU.Build.0 = Debug|Any CPU
		{05E7FD7E-9F8C-4B05-A7D1-97C95C872445}.Release|Any CPU.ActiveCfg = Release|Any CPU
		{05E7FD7E-9F8C-4B05-A7D1-97C95C872445}.Release|Any CPU.Build.0 = Release|Any CPU
		{3AD8F524-7833-4375-9A31-2F0A45B66B51}.Debug|Any CPU.ActiveCfg = Debug|Any CPU
		{3AD8F524-7833-4375-9A31-2F0A45B66B51}.Debug|Any CPU.Build.0 = Debug|Any CPU
		{3AD8F524-7833-4375-9A31-2F0A45B66B51}.Release|Any CPU.ActiveCfg = Release|Any CPU
		{3AD8F524-7833-4375-9A31-2F0A45B66B51}.Release|Any CPU.Build.0 = Release|Any CPU
		{A089AA3E-476F-482B-B757-ADC9A12B4010}.Debug|Any CPU.ActiveCfg = Debug|Any CPU
		{A089AA3E-476F-482B-B757-ADC9A12B4010}.Debug|Any CPU.Build.0 = Debug|Any CPU
		{A089AA3E-476F-482B-B757-ADC9A12B4010}.Release|Any CPU.ActiveCfg = Release|Any CPU
		{A089AA3E-476F-482B-B757-ADC9A12B4010}.Release|Any CPU.Build.0 = Release|Any CPU
		{3B00B93F-ADB2-4B52-8602-3BBA8F0033CC}.Debug|Any CPU.ActiveCfg = Debug|Any CPU
		{3B00B93F-ADB2-4B52-8602-3BBA8F0033CC}.Debug|Any CPU.Build.0 = Debug|Any CPU
		{3B00B93F-ADB2-4B52-8602-3BBA8F0033CC}.Release|Any CPU.ActiveCfg = Release|Any CPU
		{3B00B93F-ADB2-4B52-8602-3BBA8F0033CC}.Release|Any CPU.Build.0 = Release|Any CPU
		{2427C7BF-1B83-498A-B1DE-9CE114DA4474}.Debug|Any CPU.ActiveCfg = Debug|Any CPU
		{2427C7BF-1B83-498A-B1DE-9CE114DA4474}.Debug|Any CPU.Build.0 = Debug|Any CPU
		{2427C7BF-1B83-498A-B1DE-9CE114DA4474}.Release|Any CPU.ActiveCfg = Release|Any CPU
		{2427C7BF-1B83-498A-B1DE-9CE114DA4474}.Release|Any CPU.Build.0 = Release|Any CPU
		{34165881-3458-48BB-9B80-196303C9E4A1}.Debug|Any CPU.ActiveCfg = Debug|Any CPU
		{34165881-3458-48BB-9B80-196303C9E4A1}.Debug|Any CPU.Build.0 = Debug|Any CPU
		{34165881-3458-48BB-9B80-196303C9E4A1}.Release|Any CPU.ActiveCfg = Release|Any CPU
		{34165881-3458-48BB-9B80-196303C9E4A1}.Release|Any CPU.Build.0 = Release|Any CPU
		{53DB3A03-6D72-4EF6-BE6D-A36071918ED4}.Debug|Any CPU.ActiveCfg = Debug|Any CPU
		{53DB3A03-6D72-4EF6-BE6D-A36071918ED4}.Debug|Any CPU.Build.0 = Debug|Any CPU
		{53DB3A03-6D72-4EF6-BE6D-A36071918ED4}.Release|Any CPU.ActiveCfg = Release|Any CPU
		{53DB3A03-6D72-4EF6-BE6D-A36071918ED4}.Release|Any CPU.Build.0 = Release|Any CPU
		{01023530-534C-453B-ACA9-8C3A37B63E2E}.Debug|Any CPU.ActiveCfg = Debug|Any CPU
		{01023530-534C-453B-ACA9-8C3A37B63E2E}.Debug|Any CPU.Build.0 = Debug|Any CPU
		{01023530-534C-453B-ACA9-8C3A37B63E2E}.Release|Any CPU.ActiveCfg = Release|Any CPU
		{01023530-534C-453B-ACA9-8C3A37B63E2E}.Release|Any CPU.Build.0 = Release|Any CPU
		{AD01FCCB-636D-4C81-AB45-0E89C2C2BEBE}.Debug|Any CPU.ActiveCfg = Debug|Any CPU
		{AD01FCCB-636D-4C81-AB45-0E89C2C2BEBE}.Debug|Any CPU.Build.0 = Debug|Any CPU
		{AD01FCCB-636D-4C81-AB45-0E89C2C2BEBE}.Release|Any CPU.ActiveCfg = Release|Any CPU
		{AD01FCCB-636D-4C81-AB45-0E89C2C2BEBE}.Release|Any CPU.Build.0 = Release|Any CPU
		{E37A3079-6797-4CAE-8DDF-C2BCC29248CC}.Debug|Any CPU.ActiveCfg = Debug|Any CPU
		{E37A3079-6797-4CAE-8DDF-C2BCC29248CC}.Debug|Any CPU.Build.0 = Debug|Any CPU
		{E37A3079-6797-4CAE-8DDF-C2BCC29248CC}.Release|Any CPU.ActiveCfg = Release|Any CPU
		{E37A3079-6797-4CAE-8DDF-C2BCC29248CC}.Release|Any CPU.Build.0 = Release|Any CPU
		{25C3356B-B400-43EE-8A15-98D25C920B95}.Debug|Any CPU.ActiveCfg = Debug|Any CPU
		{25C3356B-B400-43EE-8A15-98D25C920B95}.Debug|Any CPU.Build.0 = Debug|Any CPU
		{25C3356B-B400-43EE-8A15-98D25C920B95}.Release|Any CPU.ActiveCfg = Release|Any CPU
		{25C3356B-B400-43EE-8A15-98D25C920B95}.Release|Any CPU.Build.0 = Release|Any CPU
		{47430638-D38F-465F-ADB0-C2C925F27531}.Debug|Any CPU.ActiveCfg = Debug|Any CPU
		{47430638-D38F-465F-ADB0-C2C925F27531}.Debug|Any CPU.Build.0 = Debug|Any CPU
		{47430638-D38F-465F-ADB0-C2C925F27531}.Release|Any CPU.ActiveCfg = Release|Any CPU
		{47430638-D38F-465F-ADB0-C2C925F27531}.Release|Any CPU.Build.0 = Release|Any CPU
		{E5BB7F4F-C54F-40C7-AC37-C9E161EC7D90}.Debug|Any CPU.ActiveCfg = Debug|Any CPU
		{E5BB7F4F-C54F-40C7-AC37-C9E161EC7D90}.Debug|Any CPU.Build.0 = Debug|Any CPU
		{E5BB7F4F-C54F-40C7-AC37-C9E161EC7D90}.Release|Any CPU.ActiveCfg = Release|Any CPU
		{E5BB7F4F-C54F-40C7-AC37-C9E161EC7D90}.Release|Any CPU.Build.0 = Release|Any CPU
		{8BACCCB0-9B1B-4105-B8E6-C1A6C53939F5}.Debug|Any CPU.ActiveCfg = Debug|Any CPU
		{8BACCCB0-9B1B-4105-B8E6-C1A6C53939F5}.Debug|Any CPU.Build.0 = Debug|Any CPU
		{8BACCCB0-9B1B-4105-B8E6-C1A6C53939F5}.Release|Any CPU.ActiveCfg = Release|Any CPU
		{8BACCCB0-9B1B-4105-B8E6-C1A6C53939F5}.Release|Any CPU.Build.0 = Release|Any CPU
		{793CDDC9-9FD8-4886-9677-391DC71314ED}.Debug|Any CPU.ActiveCfg = Debug|Any CPU
		{793CDDC9-9FD8-4886-9677-391DC71314ED}.Debug|Any CPU.Build.0 = Debug|Any CPU
		{793CDDC9-9FD8-4886-9677-391DC71314ED}.Release|Any CPU.ActiveCfg = Release|Any CPU
		{793CDDC9-9FD8-4886-9677-391DC71314ED}.Release|Any CPU.Build.0 = Release|Any CPU
		{DDF246FF-A99C-407D-8C65-0FDA59D6B560}.Debug|Any CPU.ActiveCfg = Debug|Any CPU
		{DDF246FF-A99C-407D-8C65-0FDA59D6B560}.Debug|Any CPU.Build.0 = Debug|Any CPU
		{DDF246FF-A99C-407D-8C65-0FDA59D6B560}.Release|Any CPU.ActiveCfg = Release|Any CPU
		{DDF246FF-A99C-407D-8C65-0FDA59D6B560}.Release|Any CPU.Build.0 = Release|Any CPU
		{33527E3C-AA27-4E20-98B5-E36C69F65520}.Debug|Any CPU.ActiveCfg = Debug|Any CPU
		{33527E3C-AA27-4E20-98B5-E36C69F65520}.Debug|Any CPU.Build.0 = Debug|Any CPU
		{33527E3C-AA27-4E20-98B5-E36C69F65520}.Release|Any CPU.ActiveCfg = Release|Any CPU
		{33527E3C-AA27-4E20-98B5-E36C69F65520}.Release|Any CPU.Build.0 = Release|Any CPU
		{12B6F4F5-C012-4411-BED7-928192A87FFB}.Debug|Any CPU.ActiveCfg = Debug|Any CPU
		{12B6F4F5-C012-4411-BED7-928192A87FFB}.Debug|Any CPU.Build.0 = Debug|Any CPU
		{12B6F4F5-C012-4411-BED7-928192A87FFB}.Release|Any CPU.ActiveCfg = Release|Any CPU
		{12B6F4F5-C012-4411-BED7-928192A87FFB}.Release|Any CPU.Build.0 = Release|Any CPU
		{D2057357-763B-48FB-9263-7AF0C185A9EC}.Debug|Any CPU.ActiveCfg = Debug|Any CPU
		{D2057357-763B-48FB-9263-7AF0C185A9EC}.Debug|Any CPU.Build.0 = Debug|Any CPU
		{D2057357-763B-48FB-9263-7AF0C185A9EC}.Release|Any CPU.ActiveCfg = Release|Any CPU
		{D2057357-763B-48FB-9263-7AF0C185A9EC}.Release|Any CPU.Build.0 = Release|Any CPU
		{BE9A46DE-E7C3-4D02-B998-128F92B0B8D3}.Debug|Any CPU.ActiveCfg = Debug|Any CPU
		{BE9A46DE-E7C3-4D02-B998-128F92B0B8D3}.Debug|Any CPU.Build.0 = Debug|Any CPU
		{BE9A46DE-E7C3-4D02-B998-128F92B0B8D3}.Release|Any CPU.ActiveCfg = Release|Any CPU
		{BE9A46DE-E7C3-4D02-B998-128F92B0B8D3}.Release|Any CPU.Build.0 = Release|Any CPU
		{ED66B080-BD63-446C-8A8D-2738E5E46A30}.Debug|Any CPU.ActiveCfg = Debug|Any CPU
		{ED66B080-BD63-446C-8A8D-2738E5E46A30}.Debug|Any CPU.Build.0 = Debug|Any CPU
		{ED66B080-BD63-446C-8A8D-2738E5E46A30}.Release|Any CPU.ActiveCfg = Release|Any CPU
		{ED66B080-BD63-446C-8A8D-2738E5E46A30}.Release|Any CPU.Build.0 = Release|Any CPU
		{F306967C-237B-48FD-BA1C-FA943D99FD9F}.Debug|Any CPU.ActiveCfg = Debug|Any CPU
		{F306967C-237B-48FD-BA1C-FA943D99FD9F}.Debug|Any CPU.Build.0 = Debug|Any CPU
		{F306967C-237B-48FD-BA1C-FA943D99FD9F}.Release|Any CPU.ActiveCfg = Release|Any CPU
		{F306967C-237B-48FD-BA1C-FA943D99FD9F}.Release|Any CPU.Build.0 = Release|Any CPU
		{6D52557E-9732-4DD9-8C98-A728673198D9}.Debug|Any CPU.ActiveCfg = Debug|Any CPU
		{6D52557E-9732-4DD9-8C98-A728673198D9}.Debug|Any CPU.Build.0 = Debug|Any CPU
		{6D52557E-9732-4DD9-8C98-A728673198D9}.Release|Any CPU.ActiveCfg = Release|Any CPU
		{6D52557E-9732-4DD9-8C98-A728673198D9}.Release|Any CPU.Build.0 = Release|Any CPU
		{BD2F64B0-E0B3-43EB-900F-406317C965C4}.Debug|Any CPU.ActiveCfg = Debug|Any CPU
		{BD2F64B0-E0B3-43EB-900F-406317C965C4}.Debug|Any CPU.Build.0 = Debug|Any CPU
		{BD2F64B0-E0B3-43EB-900F-406317C965C4}.Release|Any CPU.ActiveCfg = Release|Any CPU
		{BD2F64B0-E0B3-43EB-900F-406317C965C4}.Release|Any CPU.Build.0 = Release|Any CPU
		{825C180F-0380-4760-94F4-B9FFBCE8CF43}.Debug|Any CPU.ActiveCfg = Debug|Any CPU
		{825C180F-0380-4760-94F4-B9FFBCE8CF43}.Debug|Any CPU.Build.0 = Debug|Any CPU
		{825C180F-0380-4760-94F4-B9FFBCE8CF43}.Release|Any CPU.ActiveCfg = Release|Any CPU
		{825C180F-0380-4760-94F4-B9FFBCE8CF43}.Release|Any CPU.Build.0 = Release|Any CPU
		{73F30B7D-739D-4261-905C-9CC746693987}.Debug|Any CPU.ActiveCfg = Debug|Any CPU
		{73F30B7D-739D-4261-905C-9CC746693987}.Debug|Any CPU.Build.0 = Debug|Any CPU
		{73F30B7D-739D-4261-905C-9CC746693987}.Release|Any CPU.ActiveCfg = Release|Any CPU
		{73F30B7D-739D-4261-905C-9CC746693987}.Release|Any CPU.Build.0 = Release|Any CPU
		{1D59AAEC-4965-4C87-84DE-760FE19171E0}.Debug|Any CPU.ActiveCfg = Debug|Any CPU
		{1D59AAEC-4965-4C87-84DE-760FE19171E0}.Debug|Any CPU.Build.0 = Debug|Any CPU
		{1D59AAEC-4965-4C87-84DE-760FE19171E0}.Release|Any CPU.ActiveCfg = Release|Any CPU
		{1D59AAEC-4965-4C87-84DE-760FE19171E0}.Release|Any CPU.Build.0 = Release|Any CPU
		{DBC0D0AD-43CB-4C95-80C0-CD8692C62EE5}.Debug|Any CPU.ActiveCfg = Debug|Any CPU
		{DBC0D0AD-43CB-4C95-80C0-CD8692C62EE5}.Debug|Any CPU.Build.0 = Debug|Any CPU
		{DBC0D0AD-43CB-4C95-80C0-CD8692C62EE5}.Release|Any CPU.ActiveCfg = Release|Any CPU
		{DBC0D0AD-43CB-4C95-80C0-CD8692C62EE5}.Release|Any CPU.Build.0 = Release|Any CPU
		{968385D9-BFC2-4E62-8178-7E3FFDCDBDF7}.Debug|Any CPU.ActiveCfg = Debug|Any CPU
		{968385D9-BFC2-4E62-8178-7E3FFDCDBDF7}.Debug|Any CPU.Build.0 = Debug|Any CPU
		{968385D9-BFC2-4E62-8178-7E3FFDCDBDF7}.Release|Any CPU.ActiveCfg = Release|Any CPU
		{968385D9-BFC2-4E62-8178-7E3FFDCDBDF7}.Release|Any CPU.Build.0 = Release|Any CPU
		{15A09E4D-A63A-4448-858F-44520D91A876}.Debug|Any CPU.ActiveCfg = Debug|Any CPU
		{15A09E4D-A63A-4448-858F-44520D91A876}.Debug|Any CPU.Build.0 = Debug|Any CPU
		{15A09E4D-A63A-4448-858F-44520D91A876}.Release|Any CPU.ActiveCfg = Release|Any CPU
		{15A09E4D-A63A-4448-858F-44520D91A876}.Release|Any CPU.Build.0 = Release|Any CPU
		{2F394484-1DF4-4645-AB59-55359FCFE48C}.Debug|Any CPU.ActiveCfg = Debug|Any CPU
		{2F394484-1DF4-4645-AB59-55359FCFE48C}.Debug|Any CPU.Build.0 = Debug|Any CPU
		{2F394484-1DF4-4645-AB59-55359FCFE48C}.Release|Any CPU.ActiveCfg = Release|Any CPU
		{2F394484-1DF4-4645-AB59-55359FCFE48C}.Release|Any CPU.Build.0 = Release|Any CPU
		{F5624745-1A43-4D05-BB6E-F80563EDA113}.Debug|Any CPU.ActiveCfg = Debug|Any CPU
		{F5624745-1A43-4D05-BB6E-F80563EDA113}.Debug|Any CPU.Build.0 = Debug|Any CPU
		{F5624745-1A43-4D05-BB6E-F80563EDA113}.Release|Any CPU.ActiveCfg = Release|Any CPU
		{F5624745-1A43-4D05-BB6E-F80563EDA113}.Release|Any CPU.Build.0 = Release|Any CPU
		{8E53C190-1B77-4FA1-A0A1-DD2BF2F8C641}.Debug|Any CPU.ActiveCfg = Debug|Any CPU
		{8E53C190-1B77-4FA1-A0A1-DD2BF2F8C641}.Debug|Any CPU.Build.0 = Debug|Any CPU
		{8E53C190-1B77-4FA1-A0A1-DD2BF2F8C641}.Release|Any CPU.ActiveCfg = Release|Any CPU
		{8E53C190-1B77-4FA1-A0A1-DD2BF2F8C641}.Release|Any CPU.Build.0 = Release|Any CPU
		{7CA1D781-F180-4DF9-A244-E002CFD8810F}.Debug|Any CPU.ActiveCfg = Debug|Any CPU
		{7CA1D781-F180-4DF9-A244-E002CFD8810F}.Debug|Any CPU.Build.0 = Debug|Any CPU
		{7CA1D781-F180-4DF9-A244-E002CFD8810F}.Release|Any CPU.ActiveCfg = Release|Any CPU
		{7CA1D781-F180-4DF9-A244-E002CFD8810F}.Release|Any CPU.Build.0 = Release|Any CPU
		{DCF3B21B-8981-4212-A1BC-3A85E90A8B47}.Debug|Any CPU.ActiveCfg = Debug|Any CPU
		{DCF3B21B-8981-4212-A1BC-3A85E90A8B47}.Debug|Any CPU.Build.0 = Debug|Any CPU
		{DCF3B21B-8981-4212-A1BC-3A85E90A8B47}.Release|Any CPU.ActiveCfg = Release|Any CPU
		{DCF3B21B-8981-4212-A1BC-3A85E90A8B47}.Release|Any CPU.Build.0 = Release|Any CPU
		{F0E19DD5-6584-4D68-A732-0B18E6C13ED4}.Debug|Any CPU.ActiveCfg = Debug|Any CPU
		{F0E19DD5-6584-4D68-A732-0B18E6C13ED4}.Debug|Any CPU.Build.0 = Debug|Any CPU
		{F0E19DD5-6584-4D68-A732-0B18E6C13ED4}.Release|Any CPU.ActiveCfg = Release|Any CPU
		{F0E19DD5-6584-4D68-A732-0B18E6C13ED4}.Release|Any CPU.Build.0 = Release|Any CPU
		{6F23DD78-EAB1-4B18-A252-B4E904C74F5F}.Debug|Any CPU.ActiveCfg = Debug|Any CPU
		{6F23DD78-EAB1-4B18-A252-B4E904C74F5F}.Debug|Any CPU.Build.0 = Debug|Any CPU
		{6F23DD78-EAB1-4B18-A252-B4E904C74F5F}.Release|Any CPU.ActiveCfg = Release|Any CPU
		{6F23DD78-EAB1-4B18-A252-B4E904C74F5F}.Release|Any CPU.Build.0 = Release|Any CPU
		{F7E013E4-E962-48EC-9A02-5EF4BD4198E8}.Debug|Any CPU.ActiveCfg = Debug|Any CPU
		{F7E013E4-E962-48EC-9A02-5EF4BD4198E8}.Debug|Any CPU.Build.0 = Debug|Any CPU
		{F7E013E4-E962-48EC-9A02-5EF4BD4198E8}.Release|Any CPU.ActiveCfg = Release|Any CPU
		{F7E013E4-E962-48EC-9A02-5EF4BD4198E8}.Release|Any CPU.Build.0 = Release|Any CPU
		{3297C1FA-3AEA-4E1A-874F-C5FCBE21FA13}.Debug|Any CPU.ActiveCfg = Debug|Any CPU
		{3297C1FA-3AEA-4E1A-874F-C5FCBE21FA13}.Debug|Any CPU.Build.0 = Debug|Any CPU
		{3297C1FA-3AEA-4E1A-874F-C5FCBE21FA13}.Release|Any CPU.ActiveCfg = Release|Any CPU
		{3297C1FA-3AEA-4E1A-874F-C5FCBE21FA13}.Release|Any CPU.Build.0 = Release|Any CPU
		{716DD678-6F47-4265-87E3-950573F6FCE3}.Debug|Any CPU.ActiveCfg = Debug|Any CPU
		{716DD678-6F47-4265-87E3-950573F6FCE3}.Debug|Any CPU.Build.0 = Debug|Any CPU
		{716DD678-6F47-4265-87E3-950573F6FCE3}.Release|Any CPU.ActiveCfg = Release|Any CPU
		{716DD678-6F47-4265-87E3-950573F6FCE3}.Release|Any CPU.Build.0 = Release|Any CPU
		{12CBDA6B-56BF-494C-94DE-2D13CF3E2222}.Debug|Any CPU.ActiveCfg = Debug|Any CPU
		{12CBDA6B-56BF-494C-94DE-2D13CF3E2222}.Debug|Any CPU.Build.0 = Debug|Any CPU
		{12CBDA6B-56BF-494C-94DE-2D13CF3E2222}.Release|Any CPU.ActiveCfg = Release|Any CPU
		{12CBDA6B-56BF-494C-94DE-2D13CF3E2222}.Release|Any CPU.Build.0 = Release|Any CPU
		{D765DC7E-3E18-4D03-8EF7-21AD1F05BC98}.Debug|Any CPU.ActiveCfg = Debug|Any CPU
		{D765DC7E-3E18-4D03-8EF7-21AD1F05BC98}.Debug|Any CPU.Build.0 = Debug|Any CPU
		{D765DC7E-3E18-4D03-8EF7-21AD1F05BC98}.Release|Any CPU.ActiveCfg = Release|Any CPU
		{D765DC7E-3E18-4D03-8EF7-21AD1F05BC98}.Release|Any CPU.Build.0 = Release|Any CPU
		{33DB9A7D-CB34-4A9F-A7F8-8873A745FA9E}.Debug|Any CPU.ActiveCfg = Debug|Any CPU
		{33DB9A7D-CB34-4A9F-A7F8-8873A745FA9E}.Debug|Any CPU.Build.0 = Debug|Any CPU
		{33DB9A7D-CB34-4A9F-A7F8-8873A745FA9E}.Release|Any CPU.ActiveCfg = Release|Any CPU
		{33DB9A7D-CB34-4A9F-A7F8-8873A745FA9E}.Release|Any CPU.Build.0 = Release|Any CPU
		{AA368187-BF4F-44F0-B846-758A17FA5EB9}.Debug|Any CPU.ActiveCfg = Debug|Any CPU
		{AA368187-BF4F-44F0-B846-758A17FA5EB9}.Debug|Any CPU.Build.0 = Debug|Any CPU
		{AA368187-BF4F-44F0-B846-758A17FA5EB9}.Release|Any CPU.ActiveCfg = Release|Any CPU
		{AA368187-BF4F-44F0-B846-758A17FA5EB9}.Release|Any CPU.Build.0 = Release|Any CPU
		{E3B4BFD9-E5AE-493F-8BCD-DD26F5490181}.Debug|Any CPU.ActiveCfg = Debug|Any CPU
		{E3B4BFD9-E5AE-493F-8BCD-DD26F5490181}.Debug|Any CPU.Build.0 = Debug|Any CPU
		{E3B4BFD9-E5AE-493F-8BCD-DD26F5490181}.Release|Any CPU.ActiveCfg = Release|Any CPU
		{E3B4BFD9-E5AE-493F-8BCD-DD26F5490181}.Release|Any CPU.Build.0 = Release|Any CPU
		{DF3957E1-2376-466B-ACD9-7C5222DCF200}.Debug|Any CPU.ActiveCfg = Debug|Any CPU
		{DF3957E1-2376-466B-ACD9-7C5222DCF200}.Debug|Any CPU.Build.0 = Debug|Any CPU
		{DF3957E1-2376-466B-ACD9-7C5222DCF200}.Release|Any CPU.ActiveCfg = Release|Any CPU
		{DF3957E1-2376-466B-ACD9-7C5222DCF200}.Release|Any CPU.Build.0 = Release|Any CPU
		{B83111EB-E79E-4232-8360-3D15EB1B76AB}.Debug|Any CPU.ActiveCfg = Debug|Any CPU
		{B83111EB-E79E-4232-8360-3D15EB1B76AB}.Debug|Any CPU.Build.0 = Debug|Any CPU
		{B83111EB-E79E-4232-8360-3D15EB1B76AB}.Release|Any CPU.ActiveCfg = Release|Any CPU
		{B83111EB-E79E-4232-8360-3D15EB1B76AB}.Release|Any CPU.Build.0 = Release|Any CPU
		{F2946D9E-7898-4290-A6F5-A1DC51C7F4A9}.Debug|Any CPU.ActiveCfg = Debug|Any CPU
		{F2946D9E-7898-4290-A6F5-A1DC51C7F4A9}.Debug|Any CPU.Build.0 = Debug|Any CPU
		{F2946D9E-7898-4290-A6F5-A1DC51C7F4A9}.Release|Any CPU.ActiveCfg = Release|Any CPU
		{F2946D9E-7898-4290-A6F5-A1DC51C7F4A9}.Release|Any CPU.Build.0 = Release|Any CPU
		{A6243EB1-7677-4575-9411-6F924E6184D4}.Debug|Any CPU.ActiveCfg = Debug|Any CPU
		{A6243EB1-7677-4575-9411-6F924E6184D4}.Debug|Any CPU.Build.0 = Debug|Any CPU
		{A6243EB1-7677-4575-9411-6F924E6184D4}.Release|Any CPU.ActiveCfg = Release|Any CPU
		{A6243EB1-7677-4575-9411-6F924E6184D4}.Release|Any CPU.Build.0 = Release|Any CPU
		{CBABD479-BDAC-438C-8111-E8EA77415D67}.Debug|Any CPU.ActiveCfg = Debug|Any CPU
		{CBABD479-BDAC-438C-8111-E8EA77415D67}.Debug|Any CPU.Build.0 = Debug|Any CPU
		{CBABD479-BDAC-438C-8111-E8EA77415D67}.Release|Any CPU.ActiveCfg = Release|Any CPU
		{CBABD479-BDAC-438C-8111-E8EA77415D67}.Release|Any CPU.Build.0 = Release|Any CPU
		{42678D57-5BAB-49BE-B47A-160F060BE39E}.Debug|Any CPU.ActiveCfg = Debug|Any CPU
		{42678D57-5BAB-49BE-B47A-160F060BE39E}.Debug|Any CPU.Build.0 = Debug|Any CPU
		{42678D57-5BAB-49BE-B47A-160F060BE39E}.Release|Any CPU.ActiveCfg = Release|Any CPU
		{42678D57-5BAB-49BE-B47A-160F060BE39E}.Release|Any CPU.Build.0 = Release|Any CPU
	EndGlobalSection
	GlobalSection(SolutionProperties) = preSolution
		HideSolutionNode = FALSE
	EndGlobalSection
EndGlobal
